
Microsoft Visual Studio Solution File, Format Version 12.00
# Visual Studio 15
VisualStudioVersion = 15.0.27703.2035
MinimumVisualStudioVersion = 10.0.40219.1
Project("{FAE04EC0-301F-11D3-BF4B-00C04F79EFBC}") = "DataAnalytics1", "DataAnalytics1\DataAnalytics1.csproj", "{2BA1E2F2-D1E5-4D3D-88D4-6A96DB03EAEC}"
EndProject
Project("{FAE04EC0-301F-11D3-BF4B-00C04F79EFBC}") = "DataAnalytics1.Tests", "DataAnalytics1.Tests\DataAnalytics1.Tests.csproj", "{A3EEFA9B-C7F1-4FD7-9E5E-1AF895620872}"
EndProject
Global
	GlobalSection(SolutionConfigurationPlatforms) = preSolution
		Debug|Any CPU = Debug|Any CPU
		Release|Any CPU = Release|Any CPU
	EndGlobalSection
	GlobalSection(ProjectConfigurationPlatforms) = postSolution
		{2BA1E2F2-D1E5-4D3D-88D4-6A96DB03EAEC}.Debug|Any CPU.ActiveCfg = Debug|Any CPU
		{2BA1E2F2-D1E5-4D3D-88D4-6A96DB03EAEC}.Debug|Any CPU.Build.0 = Debug|Any CPU
		{2BA1E2F2-D1E5-4D3D-88D4-6A96DB03EAEC}.Release|Any CPU.ActiveCfg = Release|Any CPU
		{2BA1E2F2-D1E5-4D3D-88D4-6A96DB03EAEC}.Release|Any CPU.Build.0 = Release|Any CPU
		{A3EEFA9B-C7F1-4FD7-9E5E-1AF895620872}.Debug|Any CPU.ActiveCfg = Debug|Any CPU
		{A3EEFA9B-C7F1-4FD7-9E5E-1AF895620872}.Debug|Any CPU.Build.0 = Debug|Any CPU
		{A3EEFA9B-C7F1-4FD7-9E5E-1AF895620872}.Release|Any CPU.ActiveCfg = Release|Any CPU
		{A3EEFA9B-C7F1-4FD7-9E5E-1AF895620872}.Release|Any CPU.Build.0 = Release|Any CPU
	EndGlobalSection
	GlobalSection(SolutionProperties) = preSolution
		HideSolutionNode = FALSE
	EndGlobalSection
	GlobalSection(ExtensibilityGlobals) = postSolution
		SolutionGuid = {C11BE739-98DF-4F46-8F6F-50F6C5D34439}
	EndGlobalSection
EndGlobal
